
Microsoft Visual Studio Solution File, Format Version 12.00
# Visual Studio 14
VisualStudioVersion = 14.0.25420.1
MinimumVisualStudioVersion = 10.0.40219.1
Project("{FAE04EC0-301F-11D3-BF4B-00C04F79EFBC}") = "SerialPortCommunicationModule", "SerialPortCommunicationModule\SerialPortCommunicationModule.csproj", "{D496AEE2-5ACC-4EEA-9783-33FA0F52DCD2}"
EndProject
Project("{FAE04EC0-301F-11D3-BF4B-00C04F79EFBC}") = "TranscodeDataReceived", "TranscodeDataReceived\TranscodeDataReceived.csproj", "{32312BEC-3BE3-4A25-8F36-7AC952B72570}"
EndProject
Global
	GlobalSection(SolutionConfigurationPlatforms) = preSolution
		Debug|Any CPU = Debug|Any CPU
		Release|Any CPU = Release|Any CPU
	EndGlobalSection
	GlobalSection(ProjectConfigurationPlatforms) = postSolution
		{D496AEE2-5ACC-4EEA-9783-33FA0F52DCD2}.Debug|Any CPU.ActiveCfg = Debug|Any CPU
		{D496AEE2-5ACC-4EEA-9783-33FA0F52DCD2}.Debug|Any CPU.Build.0 = Debug|Any CPU
		{D496AEE2-5ACC-4EEA-9783-33FA0F52DCD2}.Release|Any CPU.ActiveCfg = Release|Any CPU
		{D496AEE2-5ACC-4EEA-9783-33FA0F52DCD2}.Release|Any CPU.Build.0 = Release|Any CPU
		{32312BEC-3BE3-4A25-8F36-7AC952B72570}.Debug|Any CPU.ActiveCfg = Debug|Any CPU
		{32312BEC-3BE3-4A25-8F36-7AC952B72570}.Debug|Any CPU.Build.0 = Debug|Any CPU
		{32312BEC-3BE3-4A25-8F36-7AC952B72570}.Release|Any CPU.ActiveCfg = Release|Any CPU
		{32312BEC-3BE3-4A25-8F36-7AC952B72570}.Release|Any CPU.Build.0 = Release|Any CPU
	EndGlobalSection
	GlobalSection(SolutionProperties) = preSolution
		HideSolutionNode = FALSE
	EndGlobalSection
EndGlobal
